
Microsoft Visual Studio Solution File, Format Version 12.00
# Visual Studio 15
VisualStudioVersion = 15.0.27004.2008
MinimumVisualStudioVersion = 10.0.40219.1
Project("{FAE04EC0-301F-11D3-BF4B-00C04F79EFBC}") = "SwitchMode", "SwitchMode\SwitchMode.csproj", "{5B7B9E5B-7894-4147-84E1-CA1535CA1A55}"
EndProject
Global
	GlobalSection(SolutionConfigurationPlatforms) = preSolution
		Debug|Any CPU = Debug|Any CPU
		Release|Any CPU = Release|Any CPU
	EndGlobalSection
	GlobalSection(ProjectConfigurationPlatforms) = postSolution
		{5B7B9E5B-7894-4147-84E1-CA1535CA1A55}.Debug|Any CPU.ActiveCfg = Debug|Any CPU
		{5B7B9E5B-7894-4147-84E1-CA1535CA1A55}.Debug|Any CPU.Build.0 = Debug|Any CPU
		{5B7B9E5B-7894-4147-84E1-CA1535CA1A55}.Release|Any CPU.ActiveCfg = Release|Any CPU
		{5B7B9E5B-7894-4147-84E1-CA1535CA1A55}.Release|Any CPU.Build.0 = Release|Any CPU
	EndGlobalSection
	GlobalSection(SolutionProperties) = preSolution
		HideSolutionNode = FALSE
	EndGlobalSection
	GlobalSection(ExtensibilityGlobals) = postSolution
		SolutionGuid = {48177B06-9D46-459F-A60D-4B41222B934A}
	EndGlobalSection
EndGlobal
